
Microsoft Visual Studio Solution File, Format Version 12.00
# Visual Studio Version 17
VisualStudioVersion = 17.9.34728.123
MinimumVisualStudioVersion = 10.0.40219.1
Project("{FAE04EC0-301F-11D3-BF4B-00C04F79EFBC}") = "CCLMS", "CCLMS\CCLMS.csproj", "{C03B818C-F555-4641-A197-F9AF324D09B0}"
EndProject
Global
	GlobalSection(SolutionConfigurationPlatforms) = preSolution
		Debug|Any CPU = Debug|Any CPU
		Release|Any CPU = Release|Any CPU
	EndGlobalSection
	GlobalSection(ProjectConfigurationPlatforms) = postSolution
		{C03B818C-F555-4641-A197-F9AF324D09B0}.Debug|Any CPU.ActiveCfg = Debug|Any CPU
		{C03B818C-F555-4641-A197-F9AF324D09B0}.Debug|Any CPU.Build.0 = Debug|Any CPU
		{C03B818C-F555-4641-A197-F9AF324D09B0}.Release|Any CPU.ActiveCfg = Release|Any CPU
		{C03B818C-F555-4641-A197-F9AF324D09B0}.Release|Any CPU.Build.0 = Release|Any CPU
	EndGlobalSection
	GlobalSection(SolutionProperties) = preSolution
		HideSolutionNode = FALSE
	EndGlobalSection
	GlobalSection(ExtensibilityGlobals) = postSolution
		SolutionGuid = {CE5B6E18-AB72-4939-8BDC-C6DC723797BE}
	EndGlobalSection
EndGlobal
